// !$*UTF8*$!
{
	archiveVersion = 1;
	classes = {
	};
	objectVersion = 56;
	objects = {

/* Begin PBXBuildFile section */
		A935DB252AE3794F007044C5 /* AppDelegate.swift in Sources */ = {isa = PBXBuildFile; fileRef = A935DB242AE3794F007044C5 /* AppDelegate.swift */; };
		A935DB272AE3794F007044C5 /* SceneDelegate.swift in Sources */ = {isa = PBXBuildFile; fileRef = A935DB262AE3794F007044C5 /* SceneDelegate.swift */; };
		A935DB292AE3794F007044C5 /* MainScreenViewController.swift in Sources */ = {isa = PBXBuildFile; fileRef = A935DB282AE3794F007044C5 /* MainScreenViewController.swift */; };
		A935DB2C2AE3794F007044C5 /* Main.storyboard in Resources */ = {isa = PBXBuildFile; fileRef = A935DB2A2AE3794F007044C5 /* Main.storyboard */; };
		A935DB2F2AE3794F007044C5 /* Palpet.xcdatamodeld in Sources */ = {isa = PBXBuildFile; fileRef = A935DB2D2AE3794F007044C5 /* Palpet.xcdatamodeld */; };
		A935DB312AE37951007044C5 /* Assets.xcassets in Resources */ = {isa = PBXBuildFile; fileRef = A935DB302AE37951007044C5 /* Assets.xcassets */; };
		A935DB342AE37951007044C5 /* LaunchScreen.storyboard in Resources */ = {isa = PBXBuildFile; fileRef = A935DB322AE37951007044C5 /* LaunchScreen.storyboard */; };
		A935DB3E2AE46129007044C5 /* GameViewController.swift in Sources */ = {isa = PBXBuildFile; fileRef = A935DB3D2AE46129007044C5 /* GameViewController.swift */; };
		A935DB412AE47EC3007044C5 /* FoodItem.swift in Sources */ = {isa = PBXBuildFile; fileRef = A935DB402AE47EC3007044C5 /* FoodItem.swift */; };
		A935DB442AE482A0007044C5 /* FoodItemCollectionCell.swift in Sources */ = {isa = PBXBuildFile; fileRef = A935DB432AE482A0007044C5 /* FoodItemCollectionCell.swift */; };
		A935DB4A2AE48952007044C5 /* ShopViewController.swift in Sources */ = {isa = PBXBuildFile; fileRef = A935DB492AE48952007044C5 /* ShopViewController.swift */; };
		A935DB4C2AEC64F7007044C5 /* WeatherAPI.swift in Sources */ = {isa = PBXBuildFile; fileRef = A935DB4B2AEC64F7007044C5 /* WeatherAPI.swift */; };
		A935DB4E2AEC6B39007044C5 /* WeatherViewController.swift in Sources */ = {isa = PBXBuildFile; fileRef = A935DB4D2AEC6B39007044C5 /* WeatherViewController.swift */; };
		A935DB522AEDADFC007044C5 /* TabBarViewController.swift in Sources */ = {isa = PBXBuildFile; fileRef = A935DB512AEDADFC007044C5 /* TabBarViewController.swift */; };
		A935DB542AEDE583007044C5 /* Pet.swift in Sources */ = {isa = PBXBuildFile; fileRef = A935DB532AEDE583007044C5 /* Pet.swift */; };
		A935DB562AEDE8C2007044C5 /* Player.swift in Sources */ = {isa = PBXBuildFile; fileRef = A935DB552AEDE8C2007044C5 /* Player.swift */; };
/* End PBXBuildFile section */

/* Begin PBXFileReference section */
		A935DB212AE3794F007044C5 /* Palpet.app */ = {isa = PBXFileReference; explicitFileType = wrapper.application; includeInIndex = 0; path = Palpet.app; sourceTree = BUILT_PRODUCTS_DIR; };
		A935DB242AE3794F007044C5 /* AppDelegate.swift */ = {isa = PBXFileReference; lastKnownFileType = sourcecode.swift; path = AppDelegate.swift; sourceTree = "<group>"; };
		A935DB262AE3794F007044C5 /* SceneDelegate.swift */ = {isa = PBXFileReference; lastKnownFileType = sourcecode.swift; path = SceneDelegate.swift; sourceTree = "<group>"; };
		A935DB282AE3794F007044C5 /* MainScreenViewController.swift */ = {isa = PBXFileReference; lastKnownFileType = sourcecode.swift; path = MainScreenViewController.swift; sourceTree = "<group>"; };
		A935DB2B2AE3794F007044C5 /* Base */ = {isa = PBXFileReference; lastKnownFileType = file.storyboard; name = Base; path = Base.lproj/Main.storyboard; sourceTree = "<group>"; };
		A935DB2E2AE3794F007044C5 /* Palpet.xcdatamodel */ = {isa = PBXFileReference; lastKnownFileType = wrapper.xcdatamodel; path = Palpet.xcdatamodel; sourceTree = "<group>"; };
		A935DB302AE37951007044C5 /* Assets.xcassets */ = {isa = PBXFileReference; lastKnownFileType = folder.assetcatalog; path = Assets.xcassets; sourceTree = "<group>"; };
		A935DB332AE37951007044C5 /* Base */ = {isa = PBXFileReference; lastKnownFileType = file.storyboard; name = Base; path = Base.lproj/LaunchScreen.storyboard; sourceTree = "<group>"; };
		A935DB352AE37951007044C5 /* Info.plist */ = {isa = PBXFileReference; lastKnownFileType = text.plist.xml; path = Info.plist; sourceTree = "<group>"; };
		A935DB3D2AE46129007044C5 /* GameViewController.swift */ = {isa = PBXFileReference; lastKnownFileType = sourcecode.swift; path = GameViewController.swift; sourceTree = "<group>"; };
		A935DB402AE47EC3007044C5 /* FoodItem.swift */ = {isa = PBXFileReference; lastKnownFileType = sourcecode.swift; path = FoodItem.swift; sourceTree = "<group>"; };
		A935DB432AE482A0007044C5 /* FoodItemCollectionCell.swift */ = {isa = PBXFileReference; lastKnownFileType = sourcecode.swift; path = FoodItemCollectionCell.swift; sourceTree = "<group>"; };
		A935DB492AE48952007044C5 /* ShopViewController.swift */ = {isa = PBXFileReference; lastKnownFileType = sourcecode.swift; path = ShopViewController.swift; sourceTree = "<group>"; };
		A935DB4B2AEC64F7007044C5 /* WeatherAPI.swift */ = {isa = PBXFileReference; lastKnownFileType = sourcecode.swift; path = WeatherAPI.swift; sourceTree = "<group>"; };
		A935DB4D2AEC6B39007044C5 /* WeatherViewController.swift */ = {isa = PBXFileReference; lastKnownFileType = sourcecode.swift; path = WeatherViewController.swift; sourceTree = "<group>"; };
		A935DB512AEDADFC007044C5 /* TabBarViewController.swift */ = {isa = PBXFileReference; lastKnownFileType = sourcecode.swift; path = TabBarViewController.swift; sourceTree = "<group>"; };
		A935DB532AEDE583007044C5 /* Pet.swift */ = {isa = PBXFileReference; lastKnownFileType = sourcecode.swift; path = Pet.swift; sourceTree = "<group>"; };
		A935DB552AEDE8C2007044C5 /* Player.swift */ = {isa = PBXFileReference; lastKnownFileType = sourcecode.swift; path = Player.swift; sourceTree = "<group>"; };
/* End PBXFileReference section */

/* Begin PBXFrameworksBuildPhase section */
		A935DB1E2AE3794F007044C5 /* Frameworks */ = {
			isa = PBXFrameworksBuildPhase;
			buildActionMask = 2147483647;
			files = (
			);
			runOnlyForDeploymentPostprocessing = 0;
		};
/* End PBXFrameworksBuildPhase section */

/* Begin PBXGroup section */
		A935DB182AE3794F007044C5 = {
			isa = PBXGroup;
			children = (
				A935DB512AEDADFC007044C5 /* TabBarViewController.swift */,
				A935DB232AE3794F007044C5 /* Palpet */,
				A935DB222AE3794F007044C5 /* Products */,
			);
			sourceTree = "<group>";
		};
		A935DB222AE3794F007044C5 /* Products */ = {
			isa = PBXGroup;
			children = (
				A935DB212AE3794F007044C5 /* Palpet.app */,
			);
			name = Products;
			sourceTree = "<group>";
		};
		A935DB232AE3794F007044C5 /* Palpet */ = {
			isa = PBXGroup;
			children = (
				A935DB4B2AEC64F7007044C5 /* WeatherAPI.swift */,
				A935DB242AE3794F007044C5 /* AppDelegate.swift */,
				A935DB262AE3794F007044C5 /* SceneDelegate.swift */,
				A935DB422AE47F18007044C5 /* Data Models */,
				A935DB3F2AE461AA007044C5 /* View Controllers */,
				A935DB2A2AE3794F007044C5 /* Main.storyboard */,
				A935DB302AE37951007044C5 /* Assets.xcassets */,
				A935DB322AE37951007044C5 /* LaunchScreen.storyboard */,
				A935DB352AE37951007044C5 /* Info.plist */,
				A935DB2D2AE3794F007044C5 /* Palpet.xcdatamodeld */,
			);
			path = Palpet;
			sourceTree = "<group>";
		};
		A935DB3F2AE461AA007044C5 /* View Controllers */ = {
			isa = PBXGroup;
			children = (
				A935DB282AE3794F007044C5 /* MainScreenViewController.swift */,
				A935DB4D2AEC6B39007044C5 /* WeatherViewController.swift */,
				A935DB492AE48952007044C5 /* ShopViewController.swift */,
				A935DB3D2AE46129007044C5 /* GameViewController.swift */,
			);
			path = "View Controllers";
			sourceTree = "<group>";
		};
		A935DB422AE47F18007044C5 /* Data Models */ = {
			isa = PBXGroup;
			children = (
				A935DB552AEDE8C2007044C5 /* Player.swift */,
				A935DB532AEDE583007044C5 /* Pet.swift */,
				A935DB432AE482A0007044C5 /* FoodItemCollectionCell.swift */,
				A935DB402AE47EC3007044C5 /* FoodItem.swift */,
			);
			path = "Data Models";
			sourceTree = "<group>";
		};
/* End PBXGroup section */

/* Begin PBXNativeTarget section */
		A935DB202AE3794F007044C5 /* Palpet */ = {
			isa = PBXNativeTarget;
			buildConfigurationList = A935DB382AE37951007044C5 /* Build configuration list for PBXNativeTarget "Palpet" */;
			buildPhases = (
				A935DB1D2AE3794F007044C5 /* Sources */,
				A935DB1E2AE3794F007044C5 /* Frameworks */,
				A935DB1F2AE3794F007044C5 /* Resources */,
			);
			buildRules = (
			);
			dependencies = (
			);
			name = Palpet;
			productName = Palpet;
			productReference = A935DB212AE3794F007044C5 /* Palpet.app */;
			productType = "com.apple.product-type.application";
		};
/* End PBXNativeTarget section */

/* Begin PBXProject section */
		A935DB192AE3794F007044C5 /* Project object */ = {
			isa = PBXProject;
			attributes = {
				BuildIndependentTargetsInParallel = 1;
				LastSwiftUpdateCheck = 1500;
				LastUpgradeCheck = 1500;
				TargetAttributes = {
					A935DB202AE3794F007044C5 = {
						CreatedOnToolsVersion = 15.0.1;
					};
				};
			};
			buildConfigurationList = A935DB1C2AE3794F007044C5 /* Build configuration list for PBXProject "Palpet" */;
			compatibilityVersion = "Xcode 14.0";
			developmentRegion = en;
			hasScannedForEncodings = 0;
			knownRegions = (
				en,
				Base,
			);
			mainGroup = A935DB182AE3794F007044C5;
			productRefGroup = A935DB222AE3794F007044C5 /* Products */;
			projectDirPath = "";
			projectRoot = "";
			targets = (
				A935DB202AE3794F007044C5 /* Palpet */,
			);
		};
/* End PBXProject section */

/* Begin PBXResourcesBuildPhase section */
		A935DB1F2AE3794F007044C5 /* Resources */ = {
			isa = PBXResourcesBuildPhase;
			buildActionMask = 2147483647;
			files = (
				A935DB342AE37951007044C5 /* LaunchScreen.storyboard in Resources */,
				A935DB312AE37951007044C5 /* Assets.xcassets in Resources */,
				A935DB2C2AE3794F007044C5 /* Main.storyboard in Resources */,
			);
			runOnlyForDeploymentPostprocessing = 0;
		};
/* End PBXResourcesBuildPhase section */

/* Begin PBXSourcesBuildPhase section */
		A935DB1D2AE3794F007044C5 /* Sources */ = {
			isa = PBXSourcesBuildPhase;
			buildActionMask = 2147483647;
			files = (
				A935DB4C2AEC64F7007044C5 /* WeatherAPI.swift in Sources */,
				A935DB4E2AEC6B39007044C5 /* WeatherViewController.swift in Sources */,
				A935DB522AEDADFC007044C5 /* TabBarViewController.swift in Sources */,
				A935DB3E2AE46129007044C5 /* GameViewController.swift in Sources */,
				A935DB292AE3794F007044C5 /* MainScreenViewController.swift in Sources */,
				A935DB562AEDE8C2007044C5 /* Player.swift in Sources */,
				A935DB2F2AE3794F007044C5 /* Palpet.xcdatamodeld in Sources */,
				A935DB252AE3794F007044C5 /* AppDelegate.swift in Sources */,
				A935DB4A2AE48952007044C5 /* ShopViewController.swift in Sources */,
				A935DB412AE47EC3007044C5 /* FoodItem.swift in Sources */,
				A935DB542AEDE583007044C5 /* Pet.swift in Sources */,
				A935DB272AE3794F007044C5 /* SceneDelegate.swift in Sources */,
				A935DB442AE482A0007044C5 /* FoodItemCollectionCell.swift in Sources */,
			);
			runOnlyForDeploymentPostprocessing = 0;
		};
/* End PBXSourcesBuildPhase section */

/* Begin PBXVariantGroup section */
		A935DB2A2AE3794F007044C5 /* Main.storyboard */ = {
			isa = PBXVariantGroup;
			children = (
				A935DB2B2AE3794F007044C5 /* Base */,
			);
			name = Main.storyboard;
			sourceTree = "<group>";
		};
		A935DB322AE37951007044C5 /* LaunchScreen.storyboard */ = {
			isa = PBXVariantGroup;
			children = (
				A935DB332AE37951007044C5 /* Base */,
			);
			name = LaunchScreen.storyboard;
			sourceTree = "<group>";
		};
/* End PBXVariantGroup section */

/* Begin XCBuildConfiguration section */
		A935DB362AE37951007044C5 /* Debug */ = {
			isa = XCBuildConfiguration;
			buildSettings = {
				ALWAYS_SEARCH_USER_PATHS = NO;
				ASSETCATALOG_COMPILER_GENERATE_SWIFT_ASSET_SYMBOL_EXTENSIONS = YES;
				CLANG_ANALYZER_NONNULL = YES;
				CLANG_ANALYZER_NUMBER_OBJECT_CONVERSION = YES_AGGRESSIVE;
				CLANG_CXX_LANGUAGE_STANDARD = "gnu++20";
				CLANG_ENABLE_MODULES = YES;
				CLANG_ENABLE_OBJC_ARC = YES;
				CLANG_ENABLE_OBJC_WEAK = YES;
				CLANG_WARN_BLOCK_CAPTURE_AUTORELEASING = YES;
				CLANG_WARN_BOOL_CONVERSION = YES;
				CLANG_WARN_COMMA = YES;
				CLANG_WARN_CONSTANT_CONVERSION = YES;
				CLANG_WARN_DEPRECATED_OBJC_IMPLEMENTATIONS = YES;
				CLANG_WARN_DIRECT_OBJC_ISA_USAGE = YES_ERROR;
				CLANG_WARN_DOCUMENTATION_COMMENTS = YES;
				CLANG_WARN_EMPTY_BODY = YES;
				CLANG_WARN_ENUM_CONVERSION = YES;
				CLANG_WARN_INFINITE_RECURSION = YES;
				CLANG_WARN_INT_CONVERSION = YES;
				CLANG_WARN_NON_LITERAL_NULL_CONVERSION = YES;
				CLANG_WARN_OBJC_IMPLICIT_RETAIN_SELF = YES;
				CLANG_WARN_OBJC_LITERAL_CONVERSION = YES;
				CLANG_WARN_OBJC_ROOT_CLASS = YES_ERROR;
				CLANG_WARN_QUOTED_INCLUDE_IN_FRAMEWORK_HEADER = YES;
				CLANG_WARN_RANGE_LOOP_ANALYSIS = YES;
				CLANG_WARN_STRICT_PROTOTYPES = YES;
				CLANG_WARN_SUSPICIOUS_MOVE = YES;
				CLANG_WARN_UNGUARDED_AVAILABILITY = YES_AGGRESSIVE;
				CLANG_WARN_UNREACHABLE_CODE = YES;
				CLANG_WARN__DUPLICATE_METHOD_MATCH = YES;
				COPY_PHASE_STRIP = NO;
				DEBUG_INFORMATION_FORMAT = dwarf;
				ENABLE_STRICT_OBJC_MSGSEND = YES;
				ENABLE_TESTABILITY = YES;
				ENABLE_USER_SCRIPT_SANDBOXING = YES;
				GCC_C_LANGUAGE_STANDARD = gnu17;
				GCC_DYNAMIC_NO_PIC = NO;
				GCC_NO_COMMON_BLOCKS = YES;
				GCC_OPTIMIZATION_LEVEL = 0;
				GCC_PREPROCESSOR_DEFINITIONS = (
					"DEBUG=1",
					"$(inherited)",
				);
				GCC_WARN_64_TO_32_BIT_CONVERSION = YES;
				GCC_WARN_ABOUT_RETURN_TYPE = YES_ERROR;
				GCC_WARN_UNDECLARED_SELECTOR = YES;
				GCC_WARN_UNINITIALIZED_AUTOS = YES_AGGRESSIVE;
				GCC_WARN_UNUSED_FUNCTION = YES;
				GCC_WARN_UNUSED_VARIABLE = YES;
				IPHONEOS_DEPLOYMENT_TARGET = 17.0;
				LOCALIZATION_PREFERS_STRING_CATALOGS = YES;
				MTL_ENABLE_DEBUG_INFO = INCLUDE_SOURCE;
				MTL_FAST_MATH = YES;
				ONLY_ACTIVE_ARCH = YES;
				SDKROOT = iphoneos;
				SWIFT_ACTIVE_COMPILATION_CONDITIONS = "DEBUG $(inherited)";
				SWIFT_OPTIMIZATION_LEVEL = "-Onone";
			};
			name = Debug;
		};
		A935DB372AE37951007044C5 /* Release */ = {
			isa = XCBuildConfiguration;
			buildSettings = {
				ALWAYS_SEARCH_USER_PATHS = NO;
				ASSETCATALOG_COMPILER_GENERATE_SWIFT_ASSET_SYMBOL_EXTENSIONS = YES;
				CLANG_ANALYZER_NONNULL = YES;
				CLANG_ANALYZER_NUMBER_OBJECT_CONVERSION = YES_AGGRESSIVE;
				CLANG_CXX_LANGUAGE_STANDARD = "gnu++20";
				CLANG_ENABLE_MODULES = YES;
				CLANG_ENABLE_OBJC_ARC = YES;
				CLANG_ENABLE_OBJC_WEAK = YES;
				CLANG_WARN_BLOCK_CAPTURE_AUTORELEASING = YES;
				CLANG_WARN_BOOL_CONVERSION = YES;
				CLANG_WARN_COMMA = YES;
				CLANG_WARN_CONSTANT_CONVERSION = YES;
				CLANG_WARN_DEPRECATED_OBJC_IMPLEMENTATIONS = YES;
				CLANG_WARN_DIRECT_OBJC_ISA_USAGE = YES_ERROR;
				CLANG_WARN_DOCUMENTATION_COMMENTS = YES;
				CLANG_WARN_EMPTY_BODY = YES;
				CLANG_WARN_ENUM_CONVERSION = YES;
				CLANG_WARN_INFINITE_RECURSION = YES;
				CLANG_WARN_INT_CONVERSION = YES;
				CLANG_WARN_NON_LITERAL_NULL_CONVERSION = YES;
				CLANG_WARN_OBJC_IMPLICIT_RETAIN_SELF = YES;
				CLANG_WARN_OBJC_LITERAL_CONVERSION = YES;
				CLANG_WARN_OBJC_ROOT_CLASS = YES_ERROR;
				CLANG_WARN_QUOTED_INCLUDE_IN_FRAMEWORK_HEADER = YES;
				CLANG_WARN_RANGE_LOOP_ANALYSIS = YES;
				CLANG_WARN_STRICT_PROTOTYPES = YES;
				CLANG_WARN_SUSPICIOUS_MOVE = YES;
				CLANG_WARN_UNGUARDED_AVAILABILITY = YES_AGGRESSIVE;
				CLANG_WARN_UNREACHABLE_CODE = YES;
				CLANG_WARN__DUPLICATE_METHOD_MATCH = YES;
				COPY_PHASE_STRIP = NO;
				DEBUG_INFORMATION_FORMAT = "dwarf-with-dsym";
				ENABLE_NS_ASSERTIONS = NO;
				ENABLE_STRICT_OBJC_MSGSEND = YES;
				ENABLE_USER_SCRIPT_SANDBOXING = YES;
				GCC_C_LANGUAGE_STANDARD = gnu17;
				GCC_NO_COMMON_BLOCKS = YES;
				GCC_WARN_64_TO_32_BIT_CONVERSION = YES;
				GCC_WARN_ABOUT_RETURN_TYPE = YES_ERROR;
				GCC_WARN_UNDECLARED_SELECTOR = YES;
				GCC_WARN_UNINITIALIZED_AUTOS = YES_AGGRESSIVE;
				GCC_WARN_UNUSED_FUNCTION = YES;
				GCC_WARN_UNUSED_VARIABLE = YES;
				IPHONEOS_DEPLOYMENT_TARGET = 17.0;
				LOCALIZATION_PREFERS_STRING_CATALOGS = YES;
				MTL_ENABLE_DEBUG_INFO = NO;
				MTL_FAST_MATH = YES;
				SDKROOT = iphoneos;
				SWIFT_COMPILATION_MODE = wholemodule;
				VALIDATE_PRODUCT = YES;
			};
			name = Release;
		};
		A935DB392AE37951007044C5 /* Debug */ = {
			isa = XCBuildConfiguration;
			buildSettings = {
				ASSETCATALOG_COMPILER_APPICON_NAME = AppIcon;
				ASSETCATALOG_COMPILER_GLOBAL_ACCENT_COLOR_NAME = AccentColor;
				CODE_SIGN_STYLE = Automatic;
				CURRENT_PROJECT_VERSION = 1;
				GENERATE_INFOPLIST_FILE = YES;
				INFOPLIST_FILE = Palpet/Info.plist;
				INFOPLIST_KEY_UIApplicationSupportsIndirectInputEvents = YES;
				INFOPLIST_KEY_UILaunchStoryboardName = LaunchScreen;
				INFOPLIST_KEY_UIMainStoryboardFile = Main;
				INFOPLIST_KEY_UISupportedInterfaceOrientations_iPad = "UIInterfaceOrientationPortrait UIInterfaceOrientationPortraitUpsideDown UIInterfaceOrientationLandscapeLeft UIInterfaceOrientationLandscapeRight";
				INFOPLIST_KEY_UISupportedInterfaceOrientations_iPhone = "UIInterfaceOrientationPortrait UIInterfaceOrientationLandscapeLeft UIInterfaceOrientationLandscapeRight";
				LD_RUNPATH_SEARCH_PATHS = (
					"$(inherited)",
					"@executable_path/Frameworks",
				);
				MARKETING_VERSION = 1.0;
				PRODUCT_BUNDLE_IDENTIFIER = Connie.Palpet;
				PRODUCT_NAME = "$(TARGET_NAME)";
				SWIFT_EMIT_LOC_STRINGS = YES;
				SWIFT_VERSION = 5.0;
				TARGETED_DEVICE_FAMILY = "1,2";
			};
			name = Debug;
		};
		A935DB3A2AE37951007044C5 /* Release */ = {
			isa = XCBuildConfiguration;
			buildSettings = {
				ASSETCATALOG_COMPILER_APPICON_NAME = AppIcon;
				ASSETCATALOG_COMPILER_GLOBAL_ACCENT_COLOR_NAME = AccentColor;
				CODE_SIGN_STYLE = Automatic;
				CURRENT_PROJECT_VERSION = 1;
				GENERATE_INFOPLIST_FILE = YES;
				INFOPLIST_FILE = Palpet/Info.plist;
				INFOPLIST_KEY_UIApplicationSupportsIndirectInputEvents = YES;
				INFOPLIST_KEY_UILaunchStoryboardName = LaunchScreen;
				INFOPLIST_KEY_UIMainStoryboardFile = Main;
				INFOPLIST_KEY_UISupportedInterfaceOrientations_iPad = "UIInterfaceOrientationPortrait UIInterfaceOrientationPortraitUpsideDown UIInterfaceOrientationLandscapeLeft UIInterfaceOrientationLandscapeRight";
				INFOPLIST_KEY_UISupportedInterfaceOrientations_iPhone = "UIInterfaceOrientationPortrait UIInterfaceOrientationLandscapeLeft UIInterfaceOrientationLandscapeRight";
				LD_RUNPATH_SEARCH_PATHS = (
					"$(inherited)",
					"@executable_path/Frameworks",
				);
				MARKETING_VERSION = 1.0;
				PRODUCT_BUNDLE_IDENTIFIER = Connie.Palpet;
				PRODUCT_NAME = "$(TARGET_NAME)";
				SWIFT_EMIT_LOC_STRINGS = YES;
				SWIFT_VERSION = 5.0;
				TARGETED_DEVICE_FAMILY = "1,2";
			};
			name = Release;
		};
/* End XCBuildConfiguration section */

/* Begin XCConfigurationList section */
		A935DB1C2AE3794F007044C5 /* Build configuration list for PBXProject "Palpet" */ = {
			isa = XCConfigurationList;
			buildConfigurations = (
				A935DB362AE37951007044C5 /* Debug */,
				A935DB372AE37951007044C5 /* Release */,
			);
			defaultConfigurationIsVisible = 0;
			defaultConfigurationName = Release;
		};
		A935DB382AE37951007044C5 /* Build configuration list for PBXNativeTarget "Palpet" */ = {
			isa = XCConfigurationList;
			buildConfigurations = (
				A935DB392AE37951007044C5 /* Debug */,
				A935DB3A2AE37951007044C5 /* Release */,
			);
			defaultConfigurationIsVisible = 0;
			defaultConfigurationName = Release;
		};
/* End XCConfigurationList section */

/* Begin XCVersionGroup section */
		A935DB2D2AE3794F007044C5 /* Palpet.xcdatamodeld */ = {
			isa = XCVersionGroup;
			children = (
				A935DB2E2AE3794F007044C5 /* Palpet.xcdatamodel */,
			);
			currentVersion = A935DB2E2AE3794F007044C5 /* Palpet.xcdatamodel */;
			path = Palpet.xcdatamodeld;
			sourceTree = "<group>";
			versionGroupType = wrapper.xcdatamodel;
		};
/* End XCVersionGroup section */
	};
	rootObject = A935DB192AE3794F007044C5 /* Project object */;
}
